
Microsoft Visual Studio Solution File, Format Version 12.00
# Visual Studio Version 17
VisualStudioVersion = 17.7.34003.232
MinimumVisualStudioVersion = 10.0.40219.1
Project("{FAE04EC0-301F-11D3-BF4B-00C04F79EFBC}") = "Hero_MVC_AdoNet.Web", "Hero_MVC_AdoNet.Web\Hero_MVC_AdoNet.Web.csproj", "{138FD787-F3B3-4C4B-B51D-51858FED9D2A}"
EndProject
Project("{FAE04EC0-301F-11D3-BF4B-00C04F79EFBC}") = "Hero_MVC_AdoNet.Domain", "Hero_MVC_AdoNet.Domain\Hero_MVC_AdoNet.Domain.csproj", "{4030F795-F8B8-46C2-A588-61BEC4323525}"
EndProject
Project("{FAE04EC0-301F-11D3-BF4B-00C04F79EFBC}") = "Hero_MVC_AdoNet.DAL", "Hero_MVC_AdoNet.DAL\Hero_MVC_AdoNet.DAL.csproj", "{DCE8F79E-3D3C-42BE-915E-69EEBB3E6F87}"
EndProject
Global
	GlobalSection(SolutionConfigurationPlatforms) = preSolution
		Debug|Any CPU = Debug|Any CPU
		Release|Any CPU = Release|Any CPU
	EndGlobalSection
	GlobalSection(ProjectConfigurationPlatforms) = postSolution
		{138FD787-F3B3-4C4B-B51D-51858FED9D2A}.Debug|Any CPU.ActiveCfg = Debug|Any CPU
		{138FD787-F3B3-4C4B-B51D-51858FED9D2A}.Debug|Any CPU.Build.0 = Debug|Any CPU
		{138FD787-F3B3-4C4B-B51D-51858FED9D2A}.Release|Any CPU.ActiveCfg = Release|Any CPU
		{138FD787-F3B3-4C4B-B51D-51858FED9D2A}.Release|Any CPU.Build.0 = Release|Any CPU
		{4030F795-F8B8-46C2-A588-61BEC4323525}.Debug|Any CPU.ActiveCfg = Debug|Any CPU
		{4030F795-F8B8-46C2-A588-61BEC4323525}.Debug|Any CPU.Build.0 = Debug|Any CPU
		{4030F795-F8B8-46C2-A588-61BEC4323525}.Release|Any CPU.ActiveCfg = Release|Any CPU
		{4030F795-F8B8-46C2-A588-61BEC4323525}.Release|Any CPU.Build.0 = Release|Any CPU
		{DCE8F79E-3D3C-42BE-915E-69EEBB3E6F87}.Debug|Any CPU.ActiveCfg = Debug|Any CPU
		{DCE8F79E-3D3C-42BE-915E-69EEBB3E6F87}.Debug|Any CPU.Build.0 = Debug|Any CPU
		{DCE8F79E-3D3C-42BE-915E-69EEBB3E6F87}.Release|Any CPU.ActiveCfg = Release|Any CPU
		{DCE8F79E-3D3C-42BE-915E-69EEBB3E6F87}.Release|Any CPU.Build.0 = Release|Any CPU
	EndGlobalSection
	GlobalSection(SolutionProperties) = preSolution
		HideSolutionNode = FALSE
	EndGlobalSection
	GlobalSection(ExtensibilityGlobals) = postSolution
		SolutionGuid = {29B7C1E6-7582-47A2-B7CC-16F9DCD99910}
	EndGlobalSection
EndGlobal
